// !$*UTF8*$!
{
	archiveVersion = 1;
	classes = {
	};
	objectVersion = 50;
	objects = {

/* Begin PBXBuildFile section */
		FF4499F022995BD0001739BB /* AppDelegate.swift in Sources */ = {isa = PBXBuildFile; fileRef = FF4499EF22995BD0001739BB /* AppDelegate.swift */; };
		FF4499F222995BD0001739BB /* ViewController.swift in Sources */ = {isa = PBXBuildFile; fileRef = FF4499F122995BD0001739BB /* ViewController.swift */; };
		FF4499F522995BD0001739BB /* Main.storyboard in Resources */ = {isa = PBXBuildFile; fileRef = FF4499F322995BD0001739BB /* Main.storyboard */; };
		FF4499F722995BD1001739BB /* Assets.xcassets in Resources */ = {isa = PBXBuildFile; fileRef = FF4499F622995BD1001739BB /* Assets.xcassets */; };
		FF4499FA22995BD1001739BB /* LaunchScreen.storyboard in Resources */ = {isa = PBXBuildFile; fileRef = FF4499F822995BD1001739BB /* LaunchScreen.storyboard */; };
		FF449A062299844D001739BB /* SSPickerView.swift in Sources */ = {isa = PBXBuildFile; fileRef = FF449A052299844D001739BB /* SSPickerView.swift */; };
/* End PBXBuildFile section */

/* Begin PBXFileReference section */
		FF4499EC22995BD0001739BB /* Pizza Maker.app */ = {isa = PBXFileReference; explicitFileType = wrapper.application; includeInIndex = 0; path = "Pizza Maker.app"; sourceTree = BUILT_PRODUCTS_DIR; };
		FF4499EF22995BD0001739BB /* AppDelegate.swift */ = {isa = PBXFileReference; lastKnownFileType = sourcecode.swift; path = AppDelegate.swift; sourceTree = "<group>"; };
		FF4499F122995BD0001739BB /* ViewController.swift */ = {isa = PBXFileReference; lastKnownFileType = sourcecode.swift; path = ViewController.swift; sourceTree = "<group>"; };
		FF4499F422995BD0001739BB /* Base */ = {isa = PBXFileReference; lastKnownFileType = file.storyboard; name = Base; path = Base.lproj/Main.storyboard; sourceTree = "<group>"; };
		FF4499F622995BD1001739BB /* Assets.xcassets */ = {isa = PBXFileReference; lastKnownFileType = folder.assetcatalog; path = Assets.xcassets; sourceTree = "<group>"; };
		FF4499F922995BD1001739BB /* Base */ = {isa = PBXFileReference; lastKnownFileType = file.storyboard; name = Base; path = Base.lproj/LaunchScreen.storyboard; sourceTree = "<group>"; };
		FF4499FB22995BD1001739BB /* Info.plist */ = {isa = PBXFileReference; lastKnownFileType = text.plist.xml; path = Info.plist; sourceTree = "<group>"; };
		FF449A052299844D001739BB /* SSPickerView.swift */ = {isa = PBXFileReference; lastKnownFileType = sourcecode.swift; path = SSPickerView.swift; sourceTree = "<group>"; };
/* End PBXFileReference section */

/* Begin PBXFrameworksBuildPhase section */
		FF4499E922995BD0001739BB /* Frameworks */ = {
			isa = PBXFrameworksBuildPhase;
			buildActionMask = 2147483647;
			files = (
			);
			runOnlyForDeploymentPostprocessing = 0;
		};
/* End PBXFrameworksBuildPhase section */

/* Begin PBXGroup section */
		FF4499E322995BD0001739BB = {
			isa = PBXGroup;
			children = (
				FF4499EE22995BD0001739BB /* Pizza Maker */,
				FF4499ED22995BD0001739BB /* Products */,
			);
			sourceTree = "<group>";
		};
		FF4499ED22995BD0001739BB /* Products */ = {
			isa = PBXGroup;
			children = (
				FF4499EC22995BD0001739BB /* Pizza Maker.app */,
			);
			name = Products;
			sourceTree = "<group>";
		};
		FF4499EE22995BD0001739BB /* Pizza Maker */ = {
			isa = PBXGroup;
			children = (
				FF4499EF22995BD0001739BB /* AppDelegate.swift */,
				FF4499F122995BD0001739BB /* ViewController.swift */,
				FF4499F322995BD0001739BB /* Main.storyboard */,
				FF4499F622995BD1001739BB /* Assets.xcassets */,
				FF4499F822995BD1001739BB /* LaunchScreen.storyboard */,
				FF4499FB22995BD1001739BB /* Info.plist */,
				FF449A052299844D001739BB /* SSPickerView.swift */,
			);
			path = "Pizza Maker";
			sourceTree = "<group>";
		};
/* End PBXGroup section */

/* Begin PBXNativeTarget section */
		FF4499EB22995BD0001739BB /* Pizza Maker */ = {
			isa = PBXNativeTarget;
			buildConfigurationList = FF4499FE22995BD1001739BB /* Build configuration list for PBXNativeTarget "Pizza Maker" */;
			buildPhases = (
				FF4499E822995BD0001739BB /* Sources */,
				FF4499E922995BD0001739BB /* Frameworks */,
				FF4499EA22995BD0001739BB /* Resources */,
			);
			buildRules = (
			);
			dependencies = (
			);
			name = "Pizza Maker";
			productName = "Pizza Maker";
			productReference = FF4499EC22995BD0001739BB /* Pizza Maker.app */;
			productType = "com.apple.product-type.application";
		};
/* End PBXNativeTarget section */

/* Begin PBXProject section */
		FF4499E422995BD0001739BB /* Project object */ = {
			isa = PBXProject;
			attributes = {
				LastSwiftUpdateCheck = 1010;
				LastUpgradeCheck = 1010;
				ORGANIZATIONNAME = "Shishir's App Studio";
				TargetAttributes = {
					FF4499EB22995BD0001739BB = {
						CreatedOnToolsVersion = 10.1;
					};
				};
			};
			buildConfigurationList = FF4499E722995BD0001739BB /* Build configuration list for PBXProject "Pizza Maker" */;
			compatibilityVersion = "Xcode 9.3";
			developmentRegion = en;
			hasScannedForEncodings = 0;
			knownRegions = (
				en,
				Base,
			);
			mainGroup = FF4499E322995BD0001739BB;
			productRefGroup = FF4499ED22995BD0001739BB /* Products */;
			projectDirPath = "";
			projectRoot = "";
			targets = (
				FF4499EB22995BD0001739BB /* Pizza Maker */,
			);
		};
/* End PBXProject section */

/* Begin PBXResourcesBuildPhase section */
		FF4499EA22995BD0001739BB /* Resources */ = {
			isa = PBXResourcesBuildPhase;
			buildActionMask = 2147483647;
			files = (
				FF4499FA22995BD1001739BB /* LaunchScreen.storyboard in Resources */,
				FF4499F722995BD1001739BB /* Assets.xcassets in Resources */,
				FF4499F522995BD0001739BB /* Main.storyboard in Resources */,
			);
			runOnlyForDeploymentPostprocessing = 0;
		};
/* End PBXResourcesBuildPhase section */

/* Begin PBXSourcesBuildPhase section */
		FF4499E822995BD0001739BB /* Sources */ = {
			isa = PBXSourcesBuildPhase;
			buildActionMask = 2147483647;
			files = (
				FF449A062299844D001739BB /* SSPickerView.swift in Sources */,
				FF4499F222995BD0001739BB /* ViewController.swift in Sources */,
				FF4499F022995BD0001739BB /* AppDelegate.swift in Sources */,
			);
			runOnlyForDeploymentPostprocessing = 0;
		};
/* End PBXSourcesBuildPhase section */

/* Begin PBXVariantGroup section */
		FF4499F322995BD0001739BB /* Main.storyboard */ = {
			isa = PBXVariantGroup;
			children = (
				FF4499F422995BD0001739BB /* Base */,
			);
			name = Main.storyboard;
			sourceTree = "<group>";
		};
		FF4499F822995BD1001739BB /* LaunchScreen.storyboard */ = {
			isa = PBXVariantGroup;
			children = (
				FF4499F922995BD1001739BB /* Base */,
			);
			name = LaunchScreen.storyboard;
			sourceTree = "<group>";
		};
/* End PBXVariantGroup section */

/* Begin XCBuildConfiguration section */
		FF4499FC22995BD1001739BB /* Debug */ = {
			isa = XCBuildConfiguration;
			buildSettings = {
				ALWAYS_SEARCH_USER_PATHS = NO;
				CLANG_ANALYZER_NONNULL = YES;
				CLANG_ANALYZER_NUMBER_OBJECT_CONVERSION = YES_AGGRESSIVE;
				CLANG_CXX_LANGUAGE_STANDARD = "gnu++14";
				CLANG_CXX_LIBRARY = "libc++";
				CLANG_ENABLE_MODULES = YES;
				CLANG_ENABLE_OBJC_ARC = YES;
				CLANG_ENABLE_OBJC_WEAK = YES;
				CLANG_WARN_BLOCK_CAPTURE_AUTORELEASING = YES;
				CLANG_WARN_BOOL_CONVERSION = YES;
				CLANG_WARN_COMMA = YES;
				CLANG_WARN_CONSTANT_CONVERSION = YES;
				CLANG_WARN_DEPRECATED_OBJC_IMPLEMENTATIONS = YES;
				CLANG_WARN_DIRECT_OBJC_ISA_USAGE = YES_ERROR;
				CLANG_WARN_DOCUMENTATION_COMMENTS = YES;
				CLANG_WARN_EMPTY_BODY = YES;
				CLANG_WARN_ENUM_CONVERSION = YES;
				CLANG_WARN_INFINITE_RECURSION = YES;
				CLANG_WARN_INT_CONVERSION = YES;
				CLANG_WARN_NON_LITERAL_NULL_CONVERSION = YES;
				CLANG_WARN_OBJC_IMPLICIT_RETAIN_SELF = YES;
				CLANG_WARN_OBJC_LITERAL_CONVERSION = YES;
				CLANG_WARN_OBJC_ROOT_CLASS = YES_ERROR;
				CLANG_WARN_RANGE_LOOP_ANALYSIS = YES;
				CLANG_WARN_STRICT_PROTOTYPES = YES;
				CLANG_WARN_SUSPICIOUS_MOVE = YES;
				CLANG_WARN_UNGUARDED_AVAILABILITY = YES_AGGRESSIVE;
				CLANG_WARN_UNREACHABLE_CODE = YES;
				CLANG_WARN__DUPLICATE_METHOD_MATCH = YES;
				CODE_SIGN_IDENTITY = "iPhone Developer";
				COPY_PHASE_STRIP = NO;
				DEBUG_INFORMATION_FORMAT = dwarf;
				ENABLE_STRICT_OBJC_MSGSEND = YES;
				ENABLE_TESTABILITY = YES;
				GCC_C_LANGUAGE_STANDARD = gnu11;
				GCC_DYNAMIC_NO_PIC = NO;
				GCC_NO_COMMON_BLOCKS = YES;
				GCC_OPTIMIZATION_LEVEL = 0;
				GCC_PREPROCESSOR_DEFINITIONS = (
					"DEBUG=1",
					"$(inherited)",
				);
				GCC_WARN_64_TO_32_BIT_CONVERSION = YES;
				GCC_WARN_ABOUT_RETURN_TYPE = YES_ERROR;
				GCC_WARN_UNDECLARED_SELECTOR = YES;
				GCC_WARN_UNINITIALIZED_AUTOS = YES_AGGRESSIVE;
				GCC_WARN_UNUSED_FUNCTION = YES;
				GCC_WARN_UNUSED_VARIABLE = YES;
				IPHONEOS_DEPLOYMENT_TARGET = 12.1;
				MTL_ENABLE_DEBUG_INFO = INCLUDE_SOURCE;
				MTL_FAST_MATH = YES;
				ONLY_ACTIVE_ARCH = YES;
				SDKROOT = iphoneos;
				SWIFT_ACTIVE_COMPILATION_CONDITIONS = DEBUG;
				SWIFT_OPTIMIZATION_LEVEL = "-Onone";
			};
			name = Debug;
		};
		FF4499FD22995BD1001739BB /* Release */ = {
			isa = XCBuildConfiguration;
			buildSettings = {
				ALWAYS_SEARCH_USER_PATHS = NO;
				CLANG_ANALYZER_NONNULL = YES;
				CLANG_ANALYZER_NUMBER_OBJECT_CONVERSION = YES_AGGRESSIVE;
				CLANG_CXX_LANGUAGE_STANDARD = "gnu++14";
				CLANG_CXX_LIBRARY = "libc++";
				CLANG_ENABLE_MODULES = YES;
				CLANG_ENABLE_OBJC_ARC = YES;
				CLANG_ENABLE_OBJC_WEAK = YES;
				CLANG_WARN_BLOCK_CAPTURE_AUTORELEASING = YES;
				CLANG_WARN_BOOL_CONVERSION = YES;
				CLANG_WARN_COMMA = YES;
				CLANG_WARN_CONSTANT_CONVERSION = YES;
				CLANG_WARN_DEPRECATED_OBJC_IMPLEMENTATIONS = YES;
				CLANG_WARN_DIRECT_OBJC_ISA_USAGE = YES_ERROR;
				CLANG_WARN_DOCUMENTATION_COMMENTS = YES;
				CLANG_WARN_EMPTY_BODY = YES;
				CLANG_WARN_ENUM_CONVERSION = YES;
				CLANG_WARN_INFINITE_RECURSION = YES;
				CLANG_WARN_INT_CONVERSION = YES;
				CLANG_WARN_NON_LITERAL_NULL_CONVERSION = YES;
				CLANG_WARN_OBJC_IMPLICIT_RETAIN_SELF = YES;
				CLANG_WARN_OBJC_LITERAL_CONVERSION = YES;
				CLANG_WARN_OBJC_ROOT_CLASS = YES_ERROR;
				CLANG_WARN_RANGE_LOOP_ANALYSIS = YES;
				CLANG_WARN_STRICT_PROTOTYPES = YES;
				CLANG_WARN_SUSPICIOUS_MOVE = YES;
				CLANG_WARN_UNGUARDED_AVAILABILITY = YES_AGGRESSIVE;
				CLANG_WARN_UNREACHABLE_CODE = YES;
				CLANG_WARN__DUPLICATE_METHOD_MATCH = YES;
				CODE_SIGN_IDENTITY = "iPhone Developer";
				COPY_PHASE_STRIP = NO;
				DEBUG_INFORMATION_FORMAT = "dwarf-with-dsym";
				ENABLE_NS_ASSERTIONS = NO;
				ENABLE_STRICT_OBJC_MSGSEND = YES;
				GCC_C_LANGUAGE_STANDARD = gnu11;
				GCC_NO_COMMON_BLOCKS = YES;
				GCC_WARN_64_TO_32_BIT_CONVERSION = YES;
				GCC_WARN_ABOUT_RETURN_TYPE = YES_ERROR;
				GCC_WARN_UNDECLARED_SELECTOR = YES;
				GCC_WARN_UNINITIALIZED_AUTOS = YES_AGGRESSIVE;
				GCC_WARN_UNUSED_FUNCTION = YES;
				GCC_WARN_UNUSED_VARIABLE = YES;
				IPHONEOS_DEPLOYMENT_TARGET = 12.1;
				MTL_ENABLE_DEBUG_INFO = NO;
				MTL_FAST_MATH = YES;
				SDKROOT = iphoneos;
				SWIFT_COMPILATION_MODE = wholemodule;
				SWIFT_OPTIMIZATION_LEVEL = "-O";
				VALIDATE_PRODUCT = YES;
			};
			name = Release;
		};
		FF4499FF22995BD1001739BB /* Debug */ = {
			isa = XCBuildConfiguration;
			buildSettings = {
				ASSETCATALOG_COMPILER_APPICON_NAME = AppIcon;
				CODE_SIGN_STYLE = Automatic;
				DEVELOPMENT_TEAM = NGW94SZ7K3;
				INFOPLIST_FILE = "Pizza Maker/Info.plist";
				LD_RUNPATH_SEARCH_PATHS = (
					"$(inherited)",
					"@executable_path/Frameworks",
				);
				PRODUCT_BUNDLE_IDENTIFIER = "com.shishirstudio.Pizza-Maker";
				PRODUCT_NAME = "$(TARGET_NAME)";
				SWIFT_VERSION = 4.2;
				TARGETED_DEVICE_FAMILY = "1,2";
			};
			name = Debug;
		};
		FF449A0022995BD1001739BB /* Release */ = {
			isa = XCBuildConfiguration;
			buildSettings = {
				ASSETCATALOG_COMPILER_APPICON_NAME = AppIcon;
				CODE_SIGN_STYLE = Automatic;
				DEVELOPMENT_TEAM = NGW94SZ7K3;
				INFOPLIST_FILE = "Pizza Maker/Info.plist";
				LD_RUNPATH_SEARCH_PATHS = (
					"$(inherited)",
					"@executable_path/Frameworks",
				);
				PRODUCT_BUNDLE_IDENTIFIER = "com.shishirstudio.Pizza-Maker";
				PRODUCT_NAME = "$(TARGET_NAME)";
				SWIFT_VERSION = 4.2;
				TARGETED_DEVICE_FAMILY = "1,2";
			};
			name = Release;
		};
/* End XCBuildConfiguration section */

/* Begin XCConfigurationList section */
		FF4499E722995BD0001739BB /* Build configuration list for PBXProject "Pizza Maker" */ = {
			isa = XCConfigurationList;
			buildConfigurations = (
				FF4499FC22995BD1001739BB /* Debug */,
				FF4499FD22995BD1001739BB /* Release */,
			);
			defaultConfigurationIsVisible = 0;
			defaultConfigurationName = Release;
		};
		FF4499FE22995BD1001739BB /* Build configuration list for PBXNativeTarget "Pizza Maker" */ = {
			isa = XCConfigurationList;
			buildConfigurations = (
				FF4499FF22995BD1001739BB /* Debug */,
				FF449A0022995BD1001739BB /* Release */,
			);
			defaultConfigurationIsVisible = 0;
			defaultConfigurationName = Release;
		};
/* End XCConfigurationList section */
	};
	rootObject = FF4499E422995BD0001739BB /* Project object */;
}
